# This file is autogenerated, do not edit; changes may be undone by the next 'dep ensure'.


[[projects]]
  branch = "master"
  digest = "1:7c6cab8f61be116ca94a3c38e9b83fd924618c638f5ff590380b045c9d2d3c22"
  name = "github.com/GaryBoone/GoStats"
  packages = ["stats"]
  pruneopts = "UT"
  revision = "1993eafbef57be29ee8f5eb9d26a22f20ff3c207"

[[projects]]
  digest = "1:bb1cf425598a3f1387cc2272c1a5984f8c324bdf10533758642b05c41943625e"
  name = "github.com/Sirupsen/logrus"
  packages = ["."]
  pruneopts = "UT"
  revision = "a22723f16efea2e89b7bd67d10ed077c47c14eb4"

[[projects]]
  digest = "1:c91a66efdcc1a3df7e4703cea6cc2e778921bb6b53e742eeeec13066f0b6abff"
  name = "github.com/carbocation/interpose"
  packages = ["."]
  pruneopts = "UT"
  revision = "50c09d12f8624ab10532f931cb630d0bf5f7c2c7"

[[projects]]
  digest = "1:d2754cafcab0d22c13541618a8029a70a8959eb3525ff201fe971637e2274cd0"
  name = "github.com/google/go-cmp"
  packages = [
    "cmp",
    "cmp/cmpopts",
    "cmp/internal/diff",
    "cmp/internal/function",
    "cmp/internal/value",
  ]
  pruneopts = "UT"
  revision = "3af367b6b30c263d47e8895973edcca9a49cf029"
  version = "v0.2.0"

[[projects]]
  digest = "1:e76c0a53389bf29d116440dc97c44fa59796dda4a79aeca1eb8113150dd1db50"
  name = "github.com/gorilla/context"
  packages = ["."]
  pruneopts = "UT"
  revision = "1c83b3eabd45b6d76072b66b746c20815fb2872d"

[[projects]]
  digest = "1:9a39f07f2139f85ae905ab16e4042a996932f7504905e88d5e479b306dc06e85"
  name = "github.com/gorilla/handlers"
  packages = ["."]
  pruneopts = "UT"
  revision = "e96366d97736da3bdec18b7fbaedd37c6fc97fb9"

[[projects]]
  digest = "1:9629a32225f0c888bc93d92548ffaadb6273a95e76d04b17fa7061f5f7992a53"
  name = "github.com/gorilla/mux"
  packages = ["."]
  pruneopts = "UT"
  revision = "9c068cf16d982f8bd444b8c352acbeec34c4fe5b"

[[projects]]
  digest = "1:50a65abbe3b7e5896f5597b1311e9c33ab390153387fc1c899810e376e9cf576"
  name = "github.com/gorilla/schema"
  packages = ["."]
  pruneopts = "UT"
  revision = "14c555599c2a4f493c1e13fd1ea6fdf721739028"

[[projects]]
  digest = "1:87dd45980510911fdde2927aeaa5278e3bf72ba8ad15f68b0c6447df1779c84f"
  name = "github.com/gorilla/securecookie"
  packages = ["."]
  pruneopts = "UT"
  revision = "e95799a481bbcc3d01c2ad5178524cb8bec9f370"

[[projects]]
  digest = "1:706c9d75abbb66ee97e5b1232e52d8af9dbf30b79b760a63e13953a8fb4bb62b"
  name = "github.com/gorilla/sessions"
  packages = ["."]
  pruneopts = "UT"
  revision = "f7261893ca3ea922c30eabe742c036d2c1de6e0a"

[[projects]]
  branch = "master"
  digest = "1:5c3444689562053b027ef3b96372e306adbe0d7d109b6cdd48d01eb80f8bab14"
  name = "github.com/jinzhu/copier"
  packages = ["."]
  pruneopts = "UT"
  revision = "7e38e58719c33e0d44d585c4ab477a30f8cb82dd"

[[projects]]
  digest = "1:942c85d701e2e5787e67d190ba671ff53b40e0f8712d918650e5642e8369d5a9"
  name = "github.com/jmoiron/sqlx"
  packages = [
    ".",
    "reflectx",
  ]
  pruneopts = "UT"
  revision = "54aec3fd91a2b2129ffaca0d652b8a9223ee2d9e"

[[projects]]
  digest = "1:5a0972f337cc8822ba3ad8cbcaf7a950ef3ea070c3eb5e97402e1c20de3a42d1"
  name = "github.com/lib/pq"
  packages = [
    ".",
    "oid",
  ]
  pruneopts = "UT"
  revision = "83c4f410d0aed80a0f44bac6a576a7f2435791f3"

[[projects]]
  digest = "1:e589afe1921e2b183b1cc58a06d7b36ee703a1fdb3cfc41370903c75a5d00b2a"
  name = "github.com/satori/go.uuid"
  packages = ["."]
  pruneopts = "UT"
  revision = "5bf94b69c6b68ee1b541973bb8e1144db23a194b"

[[projects]]
  digest = "1:a41c19e5b460d0981fc2bdb7155fa29b3f9c0fdd493ec0fc70961c5fccc18bd1"
  name = "github.com/stretchr/testify"
  packages = [
    "assert",
    "require",
    "suite",
  ]
  pruneopts = "UT"
  revision = "0d5a14c5a477957864f3b747d95255ad4e34bcc0"

[[projects]]
  branch = "master"
  digest = "1:7e6f80b0a9ebbfb802cfecd9674c4ff42a481e4c255afafc3102954abc40e0ba"
  name = "github.com/topher200/baseutil"
  packages = ["."]
  pruneopts = "UT"
  revision = "4c047cfcd6b0b738f8e35f19d8ca7be77b614958"

[[projects]]
  branch = "master"
  digest = "1:ba22465bcece798b64868830d0c884817a74cec487214fee4b5b9ad0e8b04c65"
  name = "github.com/topher200/deck"
  packages = ["."]
  pruneopts = "UT"
  revision = "1800ed4ab601209f0a0928598c3543675b6bc781"

[[projects]]
  digest = "1:d344fd70adb4ee08a49b90c0e4b8668b117ada2af31548cc664a139143be9d28"
  name = "github.com/tylerb/graceful"
  packages = ["."]
  pruneopts = "UT"
  revision = "48afeb21e2fcbcff0f30bd5ad6b97747b0fae38e"
  version = "v1.2.3"

[[projects]]
  digest = "1:39e4250cfad12fd8d0ff8ef39cd94492cbf7392cfbb2a381cc7f15235dd5782b"
  name = "golang.org/x/net"
  packages = ["netutil"]
  pruneopts = "UT"
  revision = "1d9fd3b8333e891c0e7353e1adcfe8a612573033"

[[projects]]
  digest = "1:641e99ecd7559c9bd9aaf072af9cd6e9606cb9cae2ef92c5d3eb08be33b90f24"
  name = "golang.org/x/sys"
  packages = ["unix"]
  pruneopts = "UT"
  revision = "4cd6d1a821c7175768725b55ca82f14683a29ea4"

[solve-meta]
  analyzer-name = "dep"
  analyzer-version = 1
  input-imports = [
    "github.com/Sirupsen/logrus",
    "github.com/carbocation/interpose",
    "github.com/google/go-cmp/cmp",
    "github.com/google/go-cmp/cmp/cmpopts",
    "github.com/gorilla/handlers",
    "github.com/gorilla/mux",
    "github.com/gorilla/schema",
    "github.com/gorilla/sessions",
    "github.com/jinzhu/copier",
    "github.com/jmoiron/sqlx",
    "github.com/lib/pq",
    "github.com/satori/go.uuid",
    "github.com/stretchr/testify/assert",
    "github.com/stretchr/testify/suite",
    "github.com/topher200/baseutil",
    "github.com/topher200/deck",
    "github.com/tylerb/graceful",
  ]
  solver-name = "gps-cdcl"
  solver-version = 1
